
Microsoft Visual Studio Solution File, Format Version 12.00
# Visual Studio Version 16
VisualStudioVersion = 16.0.31424.327
MinimumVisualStudioVersion = 10.0.40219.1
Project("{FAE04EC0-301F-11D3-BF4B-00C04F79EFBC}") = "POC.Selenium.NUnit", "POC.Selenium.NUnit\POC.Selenium.NUnit.csproj", "{62120B2F-EA35-42EB-AB2D-68BF06D55B5F}"
EndProject
Global
	GlobalSection(SolutionConfigurationPlatforms) = preSolution
		Debug|Any CPU = Debug|Any CPU
		Release|Any CPU = Release|Any CPU
	EndGlobalSection
	GlobalSection(ProjectConfigurationPlatforms) = postSolution
		{62120B2F-EA35-42EB-AB2D-68BF06D55B5F}.Debug|Any CPU.ActiveCfg = Debug|Any CPU
		{62120B2F-EA35-42EB-AB2D-68BF06D55B5F}.Debug|Any CPU.Build.0 = Debug|Any CPU
		{62120B2F-EA35-42EB-AB2D-68BF06D55B5F}.Release|Any CPU.ActiveCfg = Release|Any CPU
		{62120B2F-EA35-42EB-AB2D-68BF06D55B5F}.Release|Any CPU.Build.0 = Release|Any CPU
	EndGlobalSection
	GlobalSection(SolutionProperties) = preSolution
		HideSolutionNode = FALSE
	EndGlobalSection
	GlobalSection(ExtensibilityGlobals) = postSolution
		SolutionGuid = {6C281CE2-89FD-413E-BD78-2CF74B933E26}
	EndGlobalSection
EndGlobal
